
Microsoft Visual Studio Solution File, Format Version 12.00
# Visual Studio Version 17
VisualStudioVersion = 17.11.35208.52
MinimumVisualStudioVersion = 10.0.40219.1
Project("{9A19103F-16F7-4668-BE54-9A1E7A4F7556}") = "SampleTestProject", "SampleTestProject.csproj", "{B3AFF158-A766-4D39-99D1-02A8C8C4FDFC}"
EndProject
Global
	GlobalSection(SolutionConfigurationPlatforms) = preSolution
		Debug|Any CPU = Debug|Any CPU
		Release|Any CPU = Release|Any CPU
	EndGlobalSection
	GlobalSection(ProjectConfigurationPlatforms) = postSolution
		{B3AFF158-A766-4D39-99D1-02A8C8C4FDFC}.Debug|Any CPU.ActiveCfg = Debug|Any CPU
		{B3AFF158-A766-4D39-99D1-02A8C8C4FDFC}.Debug|Any CPU.Build.0 = Debug|Any CPU
		{B3AFF158-A766-4D39-99D1-02A8C8C4FDFC}.Release|Any CPU.ActiveCfg = Release|Any CPU
		{B3AFF158-A766-4D39-99D1-02A8C8C4FDFC}.Release|Any CPU.Build.0 = Release|Any CPU
	EndGlobalSection
	GlobalSection(SolutionProperties) = preSolution
		HideSolutionNode = FALSE
	EndGlobalSection
	GlobalSection(ExtensibilityGlobals) = postSolution
		SolutionGuid = {F3B632CD-83A1-450A-899B-2D9149F7457E}
	EndGlobalSection
EndGlobal
